
Microsoft Visual Studio Solution File, Format Version 11.00
# Visual Studio 2010
Project("{FAE04EC0-301F-11D3-BF4B-00C04F79EFBC}") = "CS_binaryTree_CompositePattern", "CS_binaryTree_CompositePattern\CS_binaryTree_CompositePattern.csproj", "{8F476D42-E7BA-4C2A-B550-4C0C667C3C51}"
EndProject
Global
	GlobalSection(SolutionConfigurationPlatforms) = preSolution
		Debug|x86 = Debug|x86
		Release|x86 = Release|x86
	EndGlobalSection
	GlobalSection(ProjectConfigurationPlatforms) = postSolution
		{8F476D42-E7BA-4C2A-B550-4C0C667C3C51}.Debug|x86.ActiveCfg = Debug|x86
		{8F476D42-E7BA-4C2A-B550-4C0C667C3C51}.Debug|x86.Build.0 = Debug|x86
		{8F476D42-E7BA-4C2A-B550-4C0C667C3C51}.Release|x86.ActiveCfg = Release|x86
		{8F476D42-E7BA-4C2A-B550-4C0C667C3C51}.Release|x86.Build.0 = Release|x86
	EndGlobalSection
	GlobalSection(SolutionProperties) = preSolution
		HideSolutionNode = FALSE
	EndGlobalSection
EndGlobal
